// !$*UTF8*$!
{
	archiveVersion = 1;
	classes = {
	};
	objectVersion = 50;
	objects = {

/* Begin PBXBuildFile section */
		B25BDF7E24A8F264008F999C /* AppDelegate.swift in Sources */ = {isa = PBXBuildFile; fileRef = B25BDF7D24A8F264008F999C /* AppDelegate.swift */; };
		B25BDF8024A8F264008F999C /* SceneDelegate.swift in Sources */ = {isa = PBXBuildFile; fileRef = B25BDF7F24A8F264008F999C /* SceneDelegate.swift */; };
		B25BDF8224A8F264008F999C /* ViewController.swift in Sources */ = {isa = PBXBuildFile; fileRef = B25BDF8124A8F264008F999C /* ViewController.swift */; };
		B25BDF8524A8F264008F999C /* Main.storyboard in Resources */ = {isa = PBXBuildFile; fileRef = B25BDF8324A8F264008F999C /* Main.storyboard */; };
		B25BDF8724A8F267008F999C /* Assets.xcassets in Resources */ = {isa = PBXBuildFile; fileRef = B25BDF8624A8F267008F999C /* Assets.xcassets */; };
		B25BDF8A24A8F267008F999C /* LaunchScreen.storyboard in Resources */ = {isa = PBXBuildFile; fileRef = B25BDF8824A8F267008F999C /* LaunchScreen.storyboard */; };
/* End PBXBuildFile section */

/* Begin PBXFileReference section */
		B25BDF7A24A8F264008F999C /* Breaking_bad.app */ = {isa = PBXFileReference; explicitFileType = wrapper.application; includeInIndex = 0; path = Breaking_bad.app; sourceTree = BUILT_PRODUCTS_DIR; };
		B25BDF7D24A8F264008F999C /* AppDelegate.swift */ = {isa = PBXFileReference; lastKnownFileType = sourcecode.swift; path = AppDelegate.swift; sourceTree = "<group>"; };
		B25BDF7F24A8F264008F999C /* SceneDelegate.swift */ = {isa = PBXFileReference; lastKnownFileType = sourcecode.swift; path = SceneDelegate.swift; sourceTree = "<group>"; };
		B25BDF8124A8F264008F999C /* ViewController.swift */ = {isa = PBXFileReference; lastKnownFileType = sourcecode.swift; path = ViewController.swift; sourceTree = "<group>"; };
		B25BDF8424A8F264008F999C /* Base */ = {isa = PBXFileReference; lastKnownFileType = file.storyboard; name = Base; path = Base.lproj/Main.storyboard; sourceTree = "<group>"; };
		B25BDF8624A8F267008F999C /* Assets.xcassets */ = {isa = PBXFileReference; lastKnownFileType = folder.assetcatalog; path = Assets.xcassets; sourceTree = "<group>"; };
		B25BDF8924A8F267008F999C /* Base */ = {isa = PBXFileReference; lastKnownFileType = file.storyboard; name = Base; path = Base.lproj/LaunchScreen.storyboard; sourceTree = "<group>"; };
		B25BDF8B24A8F267008F999C /* Info.plist */ = {isa = PBXFileReference; lastKnownFileType = text.plist.xml; path = Info.plist; sourceTree = "<group>"; };
/* End PBXFileReference section */

/* Begin PBXFrameworksBuildPhase section */
		B25BDF7724A8F264008F999C /* Frameworks */ = {
			isa = PBXFrameworksBuildPhase;
			buildActionMask = 2147483647;
			files = (
			);
			runOnlyForDeploymentPostprocessing = 0;
		};
/* End PBXFrameworksBuildPhase section */

/* Begin PBXGroup section */
		B25BDF7124A8F264008F999C = {
			isa = PBXGroup;
			children = (
				B25BDF7C24A8F264008F999C /* Breaking_bad */,
				B25BDF7B24A8F264008F999C /* Products */,
			);
			sourceTree = "<group>";
		};
		B25BDF7B24A8F264008F999C /* Products */ = {
			isa = PBXGroup;
			children = (
				B25BDF7A24A8F264008F999C /* Breaking_bad.app */,
			);
			name = Products;
			sourceTree = "<group>";
		};
		B25BDF7C24A8F264008F999C /* Breaking_bad */ = {
			isa = PBXGroup;
			children = (
				B25BDF7D24A8F264008F999C /* AppDelegate.swift */,
				B25BDF7F24A8F264008F999C /* SceneDelegate.swift */,
				B25BDF8124A8F264008F999C /* ViewController.swift */,
				B25BDF8324A8F264008F999C /* Main.storyboard */,
				B25BDF8624A8F267008F999C /* Assets.xcassets */,
				B25BDF8824A8F267008F999C /* LaunchScreen.storyboard */,
				B25BDF8B24A8F267008F999C /* Info.plist */,
			);
			path = Breaking_bad;
			sourceTree = "<group>";
		};
/* End PBXGroup section */

/* Begin PBXNativeTarget section */
		B25BDF7924A8F264008F999C /* Breaking_bad */ = {
			isa = PBXNativeTarget;
			buildConfigurationList = B25BDF8E24A8F267008F999C /* Build configuration list for PBXNativeTarget "Breaking_bad" */;
			buildPhases = (
				B25BDF7624A8F264008F999C /* Sources */,
				B25BDF7724A8F264008F999C /* Frameworks */,
				B25BDF7824A8F264008F999C /* Resources */,
			);
			buildRules = (
			);
			dependencies = (
			);
			name = Breaking_bad;
			productName = Breaking_bad;
			productReference = B25BDF7A24A8F264008F999C /* Breaking_bad.app */;
			productType = "com.apple.product-type.application";
		};
/* End PBXNativeTarget section */

/* Begin PBXProject section */
		B25BDF7224A8F264008F999C /* Project object */ = {
			isa = PBXProject;
			attributes = {
				LastSwiftUpdateCheck = 1150;
				LastUpgradeCheck = 1150;
				ORGANIZATIONNAME = "HUI YING";
				TargetAttributes = {
					B25BDF7924A8F264008F999C = {
						CreatedOnToolsVersion = 11.5;
					};
				};
			};
			buildConfigurationList = B25BDF7524A8F264008F999C /* Build configuration list for PBXProject "Breaking_bad" */;
			compatibilityVersion = "Xcode 9.3";
			developmentRegion = en;
			hasScannedForEncodings = 0;
			knownRegions = (
				en,
				Base,
			);
			mainGroup = B25BDF7124A8F264008F999C;
			productRefGroup = B25BDF7B24A8F264008F999C /* Products */;
			projectDirPath = "";
			projectRoot = "";
			targets = (
				B25BDF7924A8F264008F999C /* Breaking_bad */,
			);
		};
/* End PBXProject section */

/* Begin PBXResourcesBuildPhase section */
		B25BDF7824A8F264008F999C /* Resources */ = {
			isa = PBXResourcesBuildPhase;
			buildActionMask = 2147483647;
			files = (
				B25BDF8A24A8F267008F999C /* LaunchScreen.storyboard in Resources */,
				B25BDF8724A8F267008F999C /* Assets.xcassets in Resources */,
				B25BDF8524A8F264008F999C /* Main.storyboard in Resources */,
			);
			runOnlyForDeploymentPostprocessing = 0;
		};
/* End PBXResourcesBuildPhase section */

/* Begin PBXSourcesBuildPhase section */
		B25BDF7624A8F264008F999C /* Sources */ = {
			isa = PBXSourcesBuildPhase;
			buildActionMask = 2147483647;
			files = (
				B25BDF8224A8F264008F999C /* ViewController.swift in Sources */,
				B25BDF7E24A8F264008F999C /* AppDelegate.swift in Sources */,
				B25BDF8024A8F264008F999C /* SceneDelegate.swift in Sources */,
			);
			runOnlyForDeploymentPostprocessing = 0;
		};
/* End PBXSourcesBuildPhase section */

/* Begin PBXVariantGroup section */
		B25BDF8324A8F264008F999C /* Main.storyboard */ = {
			isa = PBXVariantGroup;
			children = (
				B25BDF8424A8F264008F999C /* Base */,
			);
			name = Main.storyboard;
			sourceTree = "<group>";
		};
		B25BDF8824A8F267008F999C /* LaunchScreen.storyboard */ = {
			isa = PBXVariantGroup;
			children = (
				B25BDF8924A8F267008F999C /* Base */,
			);
			name = LaunchScreen.storyboard;
			sourceTree = "<group>";
		};
/* End PBXVariantGroup section */

/* Begin XCBuildConfiguration section */
		B25BDF8C24A8F267008F999C /* Debug */ = {
			isa = XCBuildConfiguration;
			buildSettings = {
				ALWAYS_SEARCH_USER_PATHS = NO;
				CLANG_ANALYZER_NONNULL = YES;
				CLANG_ANALYZER_NUMBER_OBJECT_CONVERSION = YES_AGGRESSIVE;
				CLANG_CXX_LANGUAGE_STANDARD = "gnu++14";
				CLANG_CXX_LIBRARY = "libc++";
				CLANG_ENABLE_MODULES = YES;
				CLANG_ENABLE_OBJC_ARC = YES;
				CLANG_ENABLE_OBJC_WEAK = YES;
				CLANG_WARN_BLOCK_CAPTURE_AUTORELEASING = YES;
				CLANG_WARN_BOOL_CONVERSION = YES;
				CLANG_WARN_COMMA = YES;
				CLANG_WARN_CONSTANT_CONVERSION = YES;
				CLANG_WARN_DEPRECATED_OBJC_IMPLEMENTATIONS = YES;
				CLANG_WARN_DIRECT_OBJC_ISA_USAGE = YES_ERROR;
				CLANG_WARN_DOCUMENTATION_COMMENTS = YES;
				CLANG_WARN_EMPTY_BODY = YES;
				CLANG_WARN_ENUM_CONVERSION = YES;
				CLANG_WARN_INFINITE_RECURSION = YES;
				CLANG_WARN_INT_CONVERSION = YES;
				CLANG_WARN_NON_LITERAL_NULL_CONVERSION = YES;
				CLANG_WARN_OBJC_IMPLICIT_RETAIN_SELF = YES;
				CLANG_WARN_OBJC_LITERAL_CONVERSION = YES;
				CLANG_WARN_OBJC_ROOT_CLASS = YES_ERROR;
				CLANG_WARN_RANGE_LOOP_ANALYSIS = YES;
				CLANG_WARN_STRICT_PROTOTYPES = YES;
				CLANG_WARN_SUSPICIOUS_MOVE = YES;
				CLANG_WARN_UNGUARDED_AVAILABILITY = YES_AGGRESSIVE;
				CLANG_WARN_UNREACHABLE_CODE = YES;
				CLANG_WARN__DUPLICATE_METHOD_MATCH = YES;
				COPY_PHASE_STRIP = NO;
				DEBUG_INFORMATION_FORMAT = dwarf;
				ENABLE_STRICT_OBJC_MSGSEND = YES;
				ENABLE_TESTABILITY = YES;
				GCC_C_LANGUAGE_STANDARD = gnu11;
				GCC_DYNAMIC_NO_PIC = NO;
				GCC_NO_COMMON_BLOCKS = YES;
				GCC_OPTIMIZATION_LEVEL = 0;
				GCC_PREPROCESSOR_DEFINITIONS = (
					"DEBUG=1",
					"$(inherited)",
				);
				GCC_WARN_64_TO_32_BIT_CONVERSION = YES;
				GCC_WARN_ABOUT_RETURN_TYPE = YES_ERROR;
				GCC_WARN_UNDECLARED_SELECTOR = YES;
				GCC_WARN_UNINITIALIZED_AUTOS = YES_AGGRESSIVE;
				GCC_WARN_UNUSED_FUNCTION = YES;
				GCC_WARN_UNUSED_VARIABLE = YES;
				IPHONEOS_DEPLOYMENT_TARGET = 13.5;
				MTL_ENABLE_DEBUG_INFO = INCLUDE_SOURCE;
				MTL_FAST_MATH = YES;
				ONLY_ACTIVE_ARCH = YES;
				SDKROOT = iphoneos;
				SWIFT_ACTIVE_COMPILATION_CONDITIONS = DEBUG;
				SWIFT_OPTIMIZATION_LEVEL = "-Onone";
			};
			name = Debug;
		};
		B25BDF8D24A8F267008F999C /* Release */ = {
			isa = XCBuildConfiguration;
			buildSettings = {
				ALWAYS_SEARCH_USER_PATHS = NO;
				CLANG_ANALYZER_NONNULL = YES;
				CLANG_ANALYZER_NUMBER_OBJECT_CONVERSION = YES_AGGRESSIVE;
				CLANG_CXX_LANGUAGE_STANDARD = "gnu++14";
				CLANG_CXX_LIBRARY = "libc++";
				CLANG_ENABLE_MODULES = YES;
				CLANG_ENABLE_OBJC_ARC = YES;
				CLANG_ENABLE_OBJC_WEAK = YES;
				CLANG_WARN_BLOCK_CAPTURE_AUTORELEASING = YES;
				CLANG_WARN_BOOL_CONVERSION = YES;
				CLANG_WARN_COMMA = YES;
				CLANG_WARN_CONSTANT_CONVERSION = YES;
				CLANG_WARN_DEPRECATED_OBJC_IMPLEMENTATIONS = YES;
				CLANG_WARN_DIRECT_OBJC_ISA_USAGE = YES_ERROR;
				CLANG_WARN_DOCUMENTATION_COMMENTS = YES;
				CLANG_WARN_EMPTY_BODY = YES;
				CLANG_WARN_ENUM_CONVERSION = YES;
				CLANG_WARN_INFINITE_RECURSION = YES;
				CLANG_WARN_INT_CONVERSION = YES;
				CLANG_WARN_NON_LITERAL_NULL_CONVERSION = YES;
				CLANG_WARN_OBJC_IMPLICIT_RETAIN_SELF = YES;
				CLANG_WARN_OBJC_LITERAL_CONVERSION = YES;
				CLANG_WARN_OBJC_ROOT_CLASS = YES_ERROR;
				CLANG_WARN_RANGE_LOOP_ANALYSIS = YES;
				CLANG_WARN_STRICT_PROTOTYPES = YES;
				CLANG_WARN_SUSPICIOUS_MOVE = YES;
				CLANG_WARN_UNGUARDED_AVAILABILITY = YES_AGGRESSIVE;
				CLANG_WARN_UNREACHABLE_CODE = YES;
				CLANG_WARN__DUPLICATE_METHOD_MATCH = YES;
				COPY_PHASE_STRIP = NO;
				DEBUG_INFORMATION_FORMAT = "dwarf-with-dsym";
				ENABLE_NS_ASSERTIONS = NO;
				ENABLE_STRICT_OBJC_MSGSEND = YES;
				GCC_C_LANGUAGE_STANDARD = gnu11;
				GCC_NO_COMMON_BLOCKS = YES;
				GCC_WARN_64_TO_32_BIT_CONVERSION = YES;
				GCC_WARN_ABOUT_RETURN_TYPE = YES_ERROR;
				GCC_WARN_UNDECLARED_SELECTOR = YES;
				GCC_WARN_UNINITIALIZED_AUTOS = YES_AGGRESSIVE;
				GCC_WARN_UNUSED_FUNCTION = YES;
				GCC_WARN_UNUSED_VARIABLE = YES;
				IPHONEOS_DEPLOYMENT_TARGET = 13.5;
				MTL_ENABLE_DEBUG_INFO = NO;
				MTL_FAST_MATH = YES;
				SDKROOT = iphoneos;
				SWIFT_COMPILATION_MODE = wholemodule;
				SWIFT_OPTIMIZATION_LEVEL = "-O";
				VALIDATE_PRODUCT = YES;
			};
			name = Release;
		};
		B25BDF8F24A8F267008F999C /* Debug */ = {
			isa = XCBuildConfiguration;
			buildSettings = {
				ASSETCATALOG_COMPILER_APPICON_NAME = AppIcon;
				CODE_SIGN_STYLE = Automatic;
				INFOPLIST_FILE = Breaking_bad/Info.plist;
				LD_RUNPATH_SEARCH_PATHS = (
					"$(inherited)",
					"@executable_path/Frameworks",
				);
				PRODUCT_BUNDLE_IDENTIFIER = "pakhuiying.Breaking-bad";
				PRODUCT_NAME = "$(TARGET_NAME)";
				SWIFT_VERSION = 5.0;
				TARGETED_DEVICE_FAMILY = "1,2";
			};
			name = Debug;
		};
		B25BDF9024A8F267008F999C /* Release */ = {
			isa = XCBuildConfiguration;
			buildSettings = {
				ASSETCATALOG_COMPILER_APPICON_NAME = AppIcon;
				CODE_SIGN_STYLE = Automatic;
				INFOPLIST_FILE = Breaking_bad/Info.plist;
				LD_RUNPATH_SEARCH_PATHS = (
					"$(inherited)",
					"@executable_path/Frameworks",
				);
				PRODUCT_BUNDLE_IDENTIFIER = "pakhuiying.Breaking-bad";
				PRODUCT_NAME = "$(TARGET_NAME)";
				SWIFT_VERSION = 5.0;
				TARGETED_DEVICE_FAMILY = "1,2";
			};
			name = Release;
		};
/* End XCBuildConfiguration section */

/* Begin XCConfigurationList section */
		B25BDF7524A8F264008F999C /* Build configuration list for PBXProject "Breaking_bad" */ = {
			isa = XCConfigurationList;
			buildConfigurations = (
				B25BDF8C24A8F267008F999C /* Debug */,
				B25BDF8D24A8F267008F999C /* Release */,
			);
			defaultConfigurationIsVisible = 0;
			defaultConfigurationName = Release;
		};
		B25BDF8E24A8F267008F999C /* Build configuration list for PBXNativeTarget "Breaking_bad" */ = {
			isa = XCConfigurationList;
			buildConfigurations = (
				B25BDF8F24A8F267008F999C /* Debug */,
				B25BDF9024A8F267008F999C /* Release */,
			);
			defaultConfigurationIsVisible = 0;
			defaultConfigurationName = Release;
		};
/* End XCConfigurationList section */
	};
	rootObject = B25BDF7224A8F264008F999C /* Project object */;
}
